// !$*UTF8*$!
{
	archiveVersion = 1;
	classes = {
	};
	objectVersion = 46;
	objects = {

/* Begin PBXBuildFile section */
		4DCE430A1E6D16690023885F /* AppDelegate.swift in Sources */ = {isa = PBXBuildFile; fileRef = 4DCE43091E6D16690023885F /* AppDelegate.swift */; };
		4DCE430C1E6D16690023885F /* ViewController.swift in Sources */ = {isa = PBXBuildFile; fileRef = 4DCE430B1E6D16690023885F /* ViewController.swift */; };
		4DCE430F1E6D166A0023885F /* Main.storyboard in Resources */ = {isa = PBXBuildFile; fileRef = 4DCE430D1E6D166A0023885F /* Main.storyboard */; };
		4DCE43121E6D166A0023885F /* The_Divine_Nine_Events_Collector.xcdatamodeld in Sources */ = {isa = PBXBuildFile; fileRef = 4DCE43101E6D166A0023885F /* The_Divine_Nine_Events_Collector.xcdatamodeld */; };
		4DCE43141E6D166A0023885F /* Assets.xcassets in Resources */ = {isa = PBXBuildFile; fileRef = 4DCE43131E6D166A0023885F /* Assets.xcassets */; };
		4DCE43171E6D166A0023885F /* LaunchScreen.storyboard in Resources */ = {isa = PBXBuildFile; fileRef = 4DCE43151E6D166A0023885F /* LaunchScreen.storyboard */; };
/* End PBXBuildFile section */

/* Begin PBXFileReference section */
		4DCE43061E6D16680023885F /* The Divine Nine Events Collector.app */ = {isa = PBXFileReference; explicitFileType = wrapper.application; includeInIndex = 0; path = "The Divine Nine Events Collector.app"; sourceTree = BUILT_PRODUCTS_DIR; };
		4DCE43091E6D16690023885F /* AppDelegate.swift */ = {isa = PBXFileReference; lastKnownFileType = sourcecode.swift; path = AppDelegate.swift; sourceTree = "<group>"; };
		4DCE430B1E6D16690023885F /* ViewController.swift */ = {isa = PBXFileReference; lastKnownFileType = sourcecode.swift; path = ViewController.swift; sourceTree = "<group>"; };
		4DCE430E1E6D166A0023885F /* Base */ = {isa = PBXFileReference; lastKnownFileType = file.storyboard; name = Base; path = Base.lproj/Main.storyboard; sourceTree = "<group>"; };
		4DCE43111E6D166A0023885F /* The_Divine_Nine_Events_Collector.xcdatamodel */ = {isa = PBXFileReference; lastKnownFileType = wrapper.xcdatamodel; path = The_Divine_Nine_Events_Collector.xcdatamodel; sourceTree = "<group>"; };
		4DCE43131E6D166A0023885F /* Assets.xcassets */ = {isa = PBXFileReference; lastKnownFileType = folder.assetcatalog; path = Assets.xcassets; sourceTree = "<group>"; };
		4DCE43161E6D166A0023885F /* Base */ = {isa = PBXFileReference; lastKnownFileType = file.storyboard; name = Base; path = Base.lproj/LaunchScreen.storyboard; sourceTree = "<group>"; };
		4DCE43181E6D166A0023885F /* Info.plist */ = {isa = PBXFileReference; lastKnownFileType = text.plist.xml; path = Info.plist; sourceTree = "<group>"; };
/* End PBXFileReference section */

/* Begin PBXFrameworksBuildPhase section */
		4DCE43031E6D16680023885F /* Frameworks */ = {
			isa = PBXFrameworksBuildPhase;
			buildActionMask = 2147483647;
			files = (
			);
			runOnlyForDeploymentPostprocessing = 0;
		};
/* End PBXFrameworksBuildPhase section */

/* Begin PBXGroup section */
		4DCE42FD1E6D16680023885F = {
			isa = PBXGroup;
			children = (
				4DCE43081E6D16680023885F /* The Divine Nine Events Collector */,
				4DCE43071E6D16680023885F /* Products */,
			);
			sourceTree = "<group>";
		};
		4DCE43071E6D16680023885F /* Products */ = {
			isa = PBXGroup;
			children = (
				4DCE43061E6D16680023885F /* The Divine Nine Events Collector.app */,
			);
			name = Products;
			sourceTree = "<group>";
		};
		4DCE43081E6D16680023885F /* The Divine Nine Events Collector */ = {
			isa = PBXGroup;
			children = (
				4DCE43091E6D16690023885F /* AppDelegate.swift */,
				4DCE430B1E6D16690023885F /* ViewController.swift */,
				4DCE430D1E6D166A0023885F /* Main.storyboard */,
				4DCE43131E6D166A0023885F /* Assets.xcassets */,
				4DCE43151E6D166A0023885F /* LaunchScreen.storyboard */,
				4DCE43181E6D166A0023885F /* Info.plist */,
				4DCE43101E6D166A0023885F /* The_Divine_Nine_Events_Collector.xcdatamodeld */,
			);
			path = "The Divine Nine Events Collector";
			sourceTree = "<group>";
		};
/* End PBXGroup section */

/* Begin PBXNativeTarget section */
		4DCE43051E6D16680023885F /* The Divine Nine Events Collector */ = {
			isa = PBXNativeTarget;
			buildConfigurationList = 4DCE431B1E6D166A0023885F /* Build configuration list for PBXNativeTarget "The Divine Nine Events Collector" */;
			buildPhases = (
				4DCE43021E6D16680023885F /* Sources */,
				4DCE43031E6D16680023885F /* Frameworks */,
				4DCE43041E6D16680023885F /* Resources */,
			);
			buildRules = (
			);
			dependencies = (
			);
			name = "The Divine Nine Events Collector";
			productName = "The Divine Nine Events Collector";
			productReference = 4DCE43061E6D16680023885F /* The Divine Nine Events Collector.app */;
			productType = "com.apple.product-type.application";
		};
/* End PBXNativeTarget section */

/* Begin PBXProject section */
		4DCE42FE1E6D16680023885F /* Project object */ = {
			isa = PBXProject;
			attributes = {
				LastSwiftUpdateCheck = 0820;
				LastUpgradeCheck = 0820;
				ORGANIZATIONNAME = "Ken Moody";
				TargetAttributes = {
					4DCE43051E6D16680023885F = {
						CreatedOnToolsVersion = 8.2.1;
						DevelopmentTeam = 33L2ZKF2XN;
						ProvisioningStyle = Automatic;
					};
				};
			};
			buildConfigurationList = 4DCE43011E6D16680023885F /* Build configuration list for PBXProject "The Divine Nine Events Collector" */;
			compatibilityVersion = "Xcode 3.2";
			developmentRegion = English;
			hasScannedForEncodings = 0;
			knownRegions = (
				en,
				Base,
			);
			mainGroup = 4DCE42FD1E6D16680023885F;
			productRefGroup = 4DCE43071E6D16680023885F /* Products */;
			projectDirPath = "";
			projectRoot = "";
			targets = (
				4DCE43051E6D16680023885F /* The Divine Nine Events Collector */,
			);
		};
/* End PBXProject section */

/* Begin PBXResourcesBuildPhase section */
		4DCE43041E6D16680023885F /* Resources */ = {
			isa = PBXResourcesBuildPhase;
			buildActionMask = 2147483647;
			files = (
				4DCE43171E6D166A0023885F /* LaunchScreen.storyboard in Resources */,
				4DCE43141E6D166A0023885F /* Assets.xcassets in Resources */,
				4DCE430F1E6D166A0023885F /* Main.storyboard in Resources */,
			);
			runOnlyForDeploymentPostprocessing = 0;
		};
/* End PBXResourcesBuildPhase section */

/* Begin PBXSourcesBuildPhase section */
		4DCE43021E6D16680023885F /* Sources */ = {
			isa = PBXSourcesBuildPhase;
			buildActionMask = 2147483647;
			files = (
				4DCE430C1E6D16690023885F /* ViewController.swift in Sources */,
				4DCE43121E6D166A0023885F /* The_Divine_Nine_Events_Collector.xcdatamodeld in Sources */,
				4DCE430A1E6D16690023885F /* AppDelegate.swift in Sources */,
			);
			runOnlyForDeploymentPostprocessing = 0;
		};
/* End PBXSourcesBuildPhase section */

/* Begin PBXVariantGroup section */
		4DCE430D1E6D166A0023885F /* Main.storyboard */ = {
			isa = PBXVariantGroup;
			children = (
				4DCE430E1E6D166A0023885F /* Base */,
			);
			name = Main.storyboard;
			sourceTree = "<group>";
		};
		4DCE43151E6D166A0023885F /* LaunchScreen.storyboard */ = {
			isa = PBXVariantGroup;
			children = (
				4DCE43161E6D166A0023885F /* Base */,
			);
			name = LaunchScreen.storyboard;
			sourceTree = "<group>";
		};
/* End PBXVariantGroup section */

/* Begin XCBuildConfiguration section */
		4DCE43191E6D166A0023885F /* Debug */ = {
			isa = XCBuildConfiguration;
			buildSettings = {
				ALWAYS_SEARCH_USER_PATHS = NO;
				CLANG_ANALYZER_NONNULL = YES;
				CLANG_CXX_LANGUAGE_STANDARD = "gnu++0x";
				CLANG_CXX_LIBRARY = "libc++";
				CLANG_ENABLE_MODULES = YES;
				CLANG_ENABLE_OBJC_ARC = YES;
				CLANG_WARN_BOOL_CONVERSION = YES;
				CLANG_WARN_CONSTANT_CONVERSION = YES;
				CLANG_WARN_DIRECT_OBJC_ISA_USAGE = YES_ERROR;
				CLANG_WARN_DOCUMENTATION_COMMENTS = YES;
				CLANG_WARN_EMPTY_BODY = YES;
				CLANG_WARN_ENUM_CONVERSION = YES;
				CLANG_WARN_INFINITE_RECURSION = YES;
				CLANG_WARN_INT_CONVERSION = YES;
				CLANG_WARN_OBJC_ROOT_CLASS = YES_ERROR;
				CLANG_WARN_SUSPICIOUS_MOVE = YES;
				CLANG_WARN_UNREACHABLE_CODE = YES;
				CLANG_WARN__DUPLICATE_METHOD_MATCH = YES;
				"CODE_SIGN_IDENTITY[sdk=iphoneos*]" = "iPhone Developer";
				COPY_PHASE_STRIP = NO;
				DEBUG_INFORMATION_FORMAT = dwarf;
				ENABLE_STRICT_OBJC_MSGSEND = YES;
				ENABLE_TESTABILITY = YES;
				GCC_C_LANGUAGE_STANDARD = gnu99;
				GCC_DYNAMIC_NO_PIC = NO;
				GCC_NO_COMMON_BLOCKS = YES;
				GCC_OPTIMIZATION_LEVEL = 0;
				GCC_PREPROCESSOR_DEFINITIONS = (
					"DEBUG=1",
					"$(inherited)",
				);
				GCC_WARN_64_TO_32_BIT_CONVERSION = YES;
				GCC_WARN_ABOUT_RETURN_TYPE = YES_ERROR;
				GCC_WARN_UNDECLARED_SELECTOR = YES;
				GCC_WARN_UNINITIALIZED_AUTOS = YES_AGGRESSIVE;
				GCC_WARN_UNUSED_FUNCTION = YES;
				GCC_WARN_UNUSED_VARIABLE = YES;
				IPHONEOS_DEPLOYMENT_TARGET = 10.2;
				MTL_ENABLE_DEBUG_INFO = YES;
				ONLY_ACTIVE_ARCH = YES;
				SDKROOT = iphoneos;
				SWIFT_ACTIVE_COMPILATION_CONDITIONS = DEBUG;
				SWIFT_OPTIMIZATION_LEVEL = "-Onone";
				TARGETED_DEVICE_FAMILY = "1,2";
			};
			name = Debug;
		};
		4DCE431A1E6D166A0023885F /* Release */ = {
			isa = XCBuildConfiguration;
			buildSettings = {
				ALWAYS_SEARCH_USER_PATHS = NO;
				CLANG_ANALYZER_NONNULL = YES;
				CLANG_CXX_LANGUAGE_STANDARD = "gnu++0x";
				CLANG_CXX_LIBRARY = "libc++";
				CLANG_ENABLE_MODULES = YES;
				CLANG_ENABLE_OBJC_ARC = YES;
				CLANG_WARN_BOOL_CONVERSION = YES;
				CLANG_WARN_CONSTANT_CONVERSION = YES;
				CLANG_WARN_DIRECT_OBJC_ISA_USAGE = YES_ERROR;
				CLANG_WARN_DOCUMENTATION_COMMENTS = YES;
				CLANG_WARN_EMPTY_BODY = YES;
				CLANG_WARN_ENUM_CONVERSION = YES;
				CLANG_WARN_INFINITE_RECURSION = YES;
				CLANG_WARN_INT_CONVERSION = YES;
				CLANG_WARN_OBJC_ROOT_CLASS = YES_ERROR;
				CLANG_WARN_SUSPICIOUS_MOVE = YES;
				CLANG_WARN_UNREACHABLE_CODE = YES;
				CLANG_WARN__DUPLICATE_METHOD_MATCH = YES;
				"CODE_SIGN_IDENTITY[sdk=iphoneos*]" = "iPhone Developer";
				COPY_PHASE_STRIP = NO;
				DEBUG_INFORMATION_FORMAT = "dwarf-with-dsym";
				ENABLE_NS_ASSERTIONS = NO;
				ENABLE_STRICT_OBJC_MSGSEND = YES;
				GCC_C_LANGUAGE_STANDARD = gnu99;
				GCC_NO_COMMON_BLOCKS = YES;
				GCC_WARN_64_TO_32_BIT_CONVERSION = YES;
				GCC_WARN_ABOUT_RETURN_TYPE = YES_ERROR;
				GCC_WARN_UNDECLARED_SELECTOR = YES;
				GCC_WARN_UNINITIALIZED_AUTOS = YES_AGGRESSIVE;
				GCC_WARN_UNUSED_FUNCTION = YES;
				GCC_WARN_UNUSED_VARIABLE = YES;
				IPHONEOS_DEPLOYMENT_TARGET = 10.2;
				MTL_ENABLE_DEBUG_INFO = NO;
				SDKROOT = iphoneos;
				SWIFT_OPTIMIZATION_LEVEL = "-Owholemodule";
				TARGETED_DEVICE_FAMILY = "1,2";
				VALIDATE_PRODUCT = YES;
			};
			name = Release;
		};
		4DCE431C1E6D166A0023885F /* Debug */ = {
			isa = XCBuildConfiguration;
			buildSettings = {
				ASSETCATALOG_COMPILER_APPICON_NAME = AppIcon;
				DEVELOPMENT_TEAM = 33L2ZKF2XN;
				INFOPLIST_FILE = "The Divine Nine Events Collector/Info.plist";
				LD_RUNPATH_SEARCH_PATHS = "$(inherited) @executable_path/Frameworks";
				PRODUCT_BUNDLE_IDENTIFIER = "iMoodyStudios.The-Divine-Nine-Events-Collector";
				PRODUCT_NAME = "$(TARGET_NAME)";
				SWIFT_VERSION = 3.0;
			};
			name = Debug;
		};
		4DCE431D1E6D166A0023885F /* Release */ = {
			isa = XCBuildConfiguration;
			buildSettings = {
				ASSETCATALOG_COMPILER_APPICON_NAME = AppIcon;
				DEVELOPMENT_TEAM = 33L2ZKF2XN;
				INFOPLIST_FILE = "The Divine Nine Events Collector/Info.plist";
				LD_RUNPATH_SEARCH_PATHS = "$(inherited) @executable_path/Frameworks";
				PRODUCT_BUNDLE_IDENTIFIER = "iMoodyStudios.The-Divine-Nine-Events-Collector";
				PRODUCT_NAME = "$(TARGET_NAME)";
				SWIFT_VERSION = 3.0;
			};
			name = Release;
		};
/* End XCBuildConfiguration section */

/* Begin XCConfigurationList section */
		4DCE43011E6D16680023885F /* Build configuration list for PBXProject "The Divine Nine Events Collector" */ = {
			isa = XCConfigurationList;
			buildConfigurations = (
				4DCE43191E6D166A0023885F /* Debug */,
				4DCE431A1E6D166A0023885F /* Release */,
			);
			defaultConfigurationIsVisible = 0;
			defaultConfigurationName = Release;
		};
		4DCE431B1E6D166A0023885F /* Build configuration list for PBXNativeTarget "The Divine Nine Events Collector" */ = {
			isa = XCConfigurationList;
			buildConfigurations = (
				4DCE431C1E6D166A0023885F /* Debug */,
				4DCE431D1E6D166A0023885F /* Release */,
			);
			defaultConfigurationIsVisible = 0;
		};
/* End XCConfigurationList section */

/* Begin XCVersionGroup section */
		4DCE43101E6D166A0023885F /* The_Divine_Nine_Events_Collector.xcdatamodeld */ = {
			isa = XCVersionGroup;
			children = (
				4DCE43111E6D166A0023885F /* The_Divine_Nine_Events_Collector.xcdatamodel */,
			);
			currentVersion = 4DCE43111E6D166A0023885F /* The_Divine_Nine_Events_Collector.xcdatamodel */;
			path = The_Divine_Nine_Events_Collector.xcdatamodeld;
			sourceTree = "<group>";
			versionGroupType = wrapper.xcdatamodel;
		};
/* End XCVersionGroup section */
	};
	rootObject = 4DCE42FE1E6D16680023885F /* Project object */;
}
